#
# This file is autogenerated by pip-compile with Python 3.11
# by the following command:
#
#    pip-compile --find-links=/wheelhouse --no-index --output-file=requirements.lock --strip-extras requirements.in
#
--find-links /wheelhouse

annotated-doc==0.0.5
    # via fastapi
annotated-types==0.8.0
    # via pydantic
anyio==4.15.1
    # via
    #   starlette
    #   watchfiles
build==1.6.1
absl-py==2.5.0
    # via mediapipe
build==1.6.0
    # via pip-tools
certifi==2026.7.22
    # via mediapipe
cffi==2.1.1
    # via sounddevice
click==8.5.0
    # via
    #   pip-tools
    #   uvicorn
fastapi==0.141.1
    # via -r requirements.in
h11==0.16.0
    # via uvicorn
httptools==0.8.0
    # via uvicorn
idna==3.20
    # via anyio
mouseinfo==0.1.3
    # via pyautogui
    # via pip-tools
contourpy==1.3.3
    # via matplotlib
cycler==0.12.1
    # via matplotlib
flatbuffers==25.12.19
    # via mediapipe
fonttools==4.65.0
    # via matplotlib
iniconfig==2.3.0
    # via pytest
kiwisolver==1.5.1
    # via matplotlib
matplotlib==3.11.2
    # via mediapipe
mediapipe==1.0.1
    # via -r requirements.in
numpy==2.4.6
    # via
    #   -r requirements.in
    #   contourpy
    #   matplotlib
    #   mediapipe
    #   opencv-contrib-python
    #   opencv-python-headless
opencv-contrib-python==5.0.0.93
    # via mediapipe
opencv-python-headless==5.0.0.93
    # via -r requirements.in
packaging==26.3
    # via
    #   build
    #   matplotlib
    #   pytest
    #   wheel
pillow==12.3.0
    # via pyscreeze
    # via matplotlib
pip-tools==7.6.1
    # via -r requirements.in
pluggy==1.6.0
    # via pytest
pyautogui==0.9.54
    # via -r requirements.in
pydantic==2.13.5
    # via fastapi
pydantic-core==2.46.5
    # via pydantic
pygetwindow==0.0.9
    # via pyautogui
pygments==2.21.0
    # via pytest
pymsgbox==2.0.1
    # via pyautogui
pyperclip==1.11.0
    # via mouseinfo
pycparser==3.0
    # via cffi
pyparsing==3.3.2
    # via matplotlib
pyproject-hooks==1.2.0
    # via
    #   build
    #   pip-tools
pyrect==0.2.0
    # via pygetwindow
pyscreeze==1.0.1
    # via pyautogui
pytest==9.1.1
    # via -r requirements.in
python-dotenv==1.2.3
    # via uvicorn
python3-xlib==0.15
    # via
    #   mouseinfo
    #   pyautogui
pytweening==1.2.0
    # via pyautogui
pyyaml==6.0.3
    # via uvicorn
ruff==0.16.8
    # via -r requirements.in
starlette==1.6.0
    # via fastapi
typing-extensions==4.16.0
    # via
    #   anyio
    #   fastapi
    #   pydantic
    #   pydantic-core
    #   starlette
    #   typing-inspection
typing-inspection==0.4.4
    # via
    #   fastapi
    #   pydantic
uvicorn==0.53.0
    # via -r requirements.in
uvloop==0.22.1
    # via uvicorn
watchfiles==1.2.0
    # via uvicorn
websockets==17.1
    # via uvicorn
python-dateutil==2.9.0.post0
    # via matplotlib
ruff==0.16.5
    # via -r requirements.in
six==1.17.0
    # via python-dateutil
sounddevice==0.5.6
    # via mediapipe
wheel==0.48.0
    # via pip-tools

# The following packages are considered to be unsafe in a requirements file:
# pip
# setuptools
